
Microsoft Visual Studio Solution File, Format Version 12.00
# Visual Studio Version 16
VisualStudioVersion = 16.0.30320.27
MinimumVisualStudioVersion = 10.0.40219.1
Project("{2150E333-8FDC-42A3-9474-1A3956D46DE8}") = "1.Infrastructure", "1.Infrastructure", "{F90C74CF-AF56-46AF-8E57-A9002623B466}"
EndProject
Project("{2150E333-8FDC-42A3-9474-1A3956D46DE8}") = "2.Domain", "2.Domain", "{D567E8DC-F275-48C9-A543-A57C06EABA9F}"
EndProject
Project("{2150E333-8FDC-42A3-9474-1A3956D46DE8}") = "4.Presentation", "4.Presentation", "{A37588FD-62C1-4B23-B0A1-E1547538B73A}"
EndProject
Project("{2150E333-8FDC-42A3-9474-1A3956D46DE8}") = "3.Application", "3.Application", "{772D28E9-D7E0-4C2D-99CF-B0B5FA8BB490}"
EndProject
Project("{2150E333-8FDC-42A3-9474-1A3956D46DE8}") = "UnitTest", "UnitTest", "{CF11CDB4-9E0C-42AF-91E9-BE91B26441FC}"
EndProject
Project("{9A19103F-16F7-4668-BE54-9A1E7A4F7556}") = "C.O.S.E.C.Api", "Presentation\C.O.S.E.C.Api\C.O.S.E.C.Api.csproj", "{B01DA4F5-011A-4040-90EB-C6EBCA404908}"
EndProject
Project("{9A19103F-16F7-4668-BE54-9A1E7A4F7556}") = "C.O.S.E.C.Infrastructure", "Infrastructure\C.O.S.E.C.Infrastructure\C.O.S.E.C.Infrastructure.csproj", "{7695A8C9-0456-44E6-B52E-9D29DD9AD8EA}"
EndProject
Project("{9A19103F-16F7-4668-BE54-9A1E7A4F7556}") = "C.O.S.E.C.Infrastructure.Auth", "Infrastructure\C.O.S.E.C.Infrastructure.Auth\C.O.S.E.C.Infrastructure.Auth.csproj", "{02DACE66-0988-487E-ADBB-B34111B08BBB}"
EndProject
Project("{9A19103F-16F7-4668-BE54-9A1E7A4F7556}") = "C.O.S.E.C.Infrastructure.Config", "Infrastructure\C.O.S.E.C.Infrastructure.Config\C.O.S.E.C.Infrastructure.Config.csproj", "{A4E49C6E-9978-4731-9D18-6C28EE3CC9A3}"
EndProject
Project("{9A19103F-16F7-4668-BE54-9A1E7A4F7556}") = "C.O.S.E.C.Infrastructure.Cors", "Infrastructure\C.O.S.E.C.Infrastructure.Cors\C.O.S.E.C.Infrastructure.Cors.csproj", "{80C14515-2A77-493E-864C-42E2CCD0F68C}"
EndProject
Project("{9A19103F-16F7-4668-BE54-9A1E7A4F7556}") = "C.O.S.E.C.Infrastructure.CustomException", "Infrastructure\C.O.S.E.C.Infrastructure.CustomException\C.O.S.E.C.Infrastructure.CustomException.csproj", "{3DCBEE6A-4331-433D-A9C1-E3E14AE9FB0C}"
EndProject
Project("{9A19103F-16F7-4668-BE54-9A1E7A4F7556}") = "C.O.S.E.C.Infrastructure.Swagger", "Infrastructure\C.O.S.E.C.Infrastructure.Swagger\C.O.S.E.C.Infrastructure.Swagger.csproj", "{E16F9314-C0D9-4D4B-A2A3-942D92B60028}"
EndProject
Project("{9A19103F-16F7-4668-BE54-9A1E7A4F7556}") = "C.O.S.E.C.Infrastructure.Treasury", "Infrastructure\C.O.S.E.C.Infrastructure.Treasury\C.O.S.E.C.Infrastructure.Treasury.csproj", "{30999F02-AC56-4909-A18C-2522FF843682}"
EndProject
Project("{9A19103F-16F7-4668-BE54-9A1E7A4F7556}") = "C.O.S.E.C.ApiTests", "UnitTest\C.O.S.E.C.ApiTests\C.O.S.E.C.ApiTests.csproj", "{45A38987-2D87-42A1-A8CF-9B9304421322}"
EndProject
Project("{9A19103F-16F7-4668-BE54-9A1E7A4F7556}") = "C.O.S.E.C.Application", "Application\C.O.S.E.C.Application\C.O.S.E.C.Application.csproj", "{3BED0974-F1E3-4739-B7E3-3ADA7E482145}"
EndProject
Project("{9A19103F-16F7-4668-BE54-9A1E7A4F7556}") = "C.O.S.E.C.Domain", "Domain\C.O.S.E.C.Domain\C.O.S.E.C.Domain.csproj", "{910075D5-1BB1-4A02-9EF3-5D4FD7D44138}"
EndProject
Project("{9A19103F-16F7-4668-BE54-9A1E7A4F7556}") = "C.O.S.E.C.Domain.DomainService", "Domain\C.O.S.E.C.Domain.DomainService\C.O.S.E.C.Domain.DomainService.csproj", "{31042177-7682-4BC8-BE11-A0D74FFB9402}"
EndProject
Project("{2150E333-8FDC-42A3-9474-1A3956D46DE8}") = "Solution Items", "Solution Items", "{2B78ABD0-2843-4B95-9C81-F54375E31D03}"
	ProjectSection(SolutionItems) = preProject
		.editorconfig = .editorconfig
	EndProjectSection
EndProject
Project("{9A19103F-16F7-4668-BE54-9A1E7A4F7556}") = "C.O.S.E.C.App", "Presentation\C.O.S.E.C.App\C.O.S.E.C.App.csproj", "{221EE0B1-8502-494E-A763-5E8AB679D70F}"
EndProject
Project("{9A19103F-16F7-4668-BE54-9A1E7A4F7556}") = "C.O.S.E.C.Infrastructure.Repository", "Infrastructure\C.O.S.E.C.Infrastructure.Repository\C.O.S.E.C.Infrastructure.Repository.csproj", "{A5AF1549-E886-439F-B95B-2B4679A9B7B4}"
EndProject
Project("{9A19103F-16F7-4668-BE54-9A1E7A4F7556}") = "C.O.S.E.C.Web", "Presentation\C.O.S.E.C.Web\C.O.S.E.C.Web.csproj", "{EBC5FCBC-E388-4CD2-9B88-7D5F04E1DFF4}"
EndProject
Project("{9A19103F-16F7-4668-BE54-9A1E7A4F7556}") = "C.O.S.E.C.PWA", "Presentation\C.O.S.E.C.PWA\C.O.S.E.C.PWA.csproj", "{EA837A8A-936C-4CBB-ABE0-C8261562E166}"
EndProject
Global
	GlobalSection(SolutionConfigurationPlatforms) = preSolution
		Debug|Any CPU = Debug|Any CPU
		Release|Any CPU = Release|Any CPU
	EndGlobalSection
	GlobalSection(ProjectConfigurationPlatforms) = postSolution
		{B01DA4F5-011A-4040-90EB-C6EBCA404908}.Debug|Any CPU.ActiveCfg = Debug|Any CPU
		{B01DA4F5-011A-4040-90EB-C6EBCA404908}.Debug|Any CPU.Build.0 = Debug|Any CPU
		{B01DA4F5-011A-4040-90EB-C6EBCA404908}.Release|Any CPU.ActiveCfg = Release|Any CPU
		{B01DA4F5-011A-4040-90EB-C6EBCA404908}.Release|Any CPU.Build.0 = Release|Any CPU
		{7695A8C9-0456-44E6-B52E-9D29DD9AD8EA}.Debug|Any CPU.ActiveCfg = Debug|Any CPU
		{7695A8C9-0456-44E6-B52E-9D29DD9AD8EA}.Debug|Any CPU.Build.0 = Debug|Any CPU
		{7695A8C9-0456-44E6-B52E-9D29DD9AD8EA}.Release|Any CPU.ActiveCfg = Release|Any CPU
		{7695A8C9-0456-44E6-B52E-9D29DD9AD8EA}.Release|Any CPU.Build.0 = Release|Any CPU
		{02DACE66-0988-487E-ADBB-B34111B08BBB}.Debug|Any CPU.ActiveCfg = Debug|Any CPU
		{02DACE66-0988-487E-ADBB-B34111B08BBB}.Debug|Any CPU.Build.0 = Debug|Any CPU
		{02DACE66-0988-487E-ADBB-B34111B08BBB}.Release|Any CPU.ActiveCfg = Release|Any CPU
		{02DACE66-0988-487E-ADBB-B34111B08BBB}.Release|Any CPU.Build.0 = Release|Any CPU
		{A4E49C6E-9978-4731-9D18-6C28EE3CC9A3}.Debug|Any CPU.ActiveCfg = Debug|Any CPU
		{A4E49C6E-9978-4731-9D18-6C28EE3CC9A3}.Debug|Any CPU.Build.0 = Debug|Any CPU
		{A4E49C6E-9978-4731-9D18-6C28EE3CC9A3}.Release|Any CPU.ActiveCfg = Release|Any CPU
		{A4E49C6E-9978-4731-9D18-6C28EE3CC9A3}.Release|Any CPU.Build.0 = Release|Any CPU
		{80C14515-2A77-493E-864C-42E2CCD0F68C}.Debug|Any CPU.ActiveCfg = Debug|Any CPU
		{80C14515-2A77-493E-864C-42E2CCD0F68C}.Debug|Any CPU.Build.0 = Debug|Any CPU
		{80C14515-2A77-493E-864C-42E2CCD0F68C}.Release|Any CPU.ActiveCfg = Release|Any CPU
		{80C14515-2A77-493E-864C-42E2CCD0F68C}.Release|Any CPU.Build.0 = Release|Any CPU
		{3DCBEE6A-4331-433D-A9C1-E3E14AE9FB0C}.Debug|Any CPU.ActiveCfg = Debug|Any CPU
		{3DCBEE6A-4331-433D-A9C1-E3E14AE9FB0C}.Debug|Any CPU.Build.0 = Debug|Any CPU
		{3DCBEE6A-4331-433D-A9C1-E3E14AE9FB0C}.Release|Any CPU.ActiveCfg = Release|Any CPU
		{3DCBEE6A-4331-433D-A9C1-E3E14AE9FB0C}.Release|Any CPU.Build.0 = Release|Any CPU
		{E16F9314-C0D9-4D4B-A2A3-942D92B60028}.Debug|Any CPU.ActiveCfg = Debug|Any CPU
		{E16F9314-C0D9-4D4B-A2A3-942D92B60028}.Debug|Any CPU.Build.0 = Debug|Any CPU
		{E16F9314-C0D9-4D4B-A2A3-942D92B60028}.Release|Any CPU.ActiveCfg = Release|Any CPU
		{E16F9314-C0D9-4D4B-A2A3-942D92B60028}.Release|Any CPU.Build.0 = Release|Any CPU
		{30999F02-AC56-4909-A18C-2522FF843682}.Debug|Any CPU.ActiveCfg = Debug|Any CPU
		{30999F02-AC56-4909-A18C-2522FF843682}.Debug|Any CPU.Build.0 = Debug|Any CPU
		{30999F02-AC56-4909-A18C-2522FF843682}.Release|Any CPU.ActiveCfg = Release|Any CPU
		{30999F02-AC56-4909-A18C-2522FF843682}.Release|Any CPU.Build.0 = Release|Any CPU
		{45A38987-2D87-42A1-A8CF-9B9304421322}.Debug|Any CPU.ActiveCfg = Debug|Any CPU
		{45A38987-2D87-42A1-A8CF-9B9304421322}.Debug|Any CPU.Build.0 = Debug|Any CPU
		{45A38987-2D87-42A1-A8CF-9B9304421322}.Release|Any CPU.ActiveCfg = Release|Any CPU
		{45A38987-2D87-42A1-A8CF-9B9304421322}.Release|Any CPU.Build.0 = Release|Any CPU
		{3BED0974-F1E3-4739-B7E3-3ADA7E482145}.Debug|Any CPU.ActiveCfg = Debug|Any CPU
		{3BED0974-F1E3-4739-B7E3-3ADA7E482145}.Debug|Any CPU.Build.0 = Debug|Any CPU
		{3BED0974-F1E3-4739-B7E3-3ADA7E482145}.Release|Any CPU.ActiveCfg = Release|Any CPU
		{3BED0974-F1E3-4739-B7E3-3ADA7E482145}.Release|Any CPU.Build.0 = Release|Any CPU
		{910075D5-1BB1-4A02-9EF3-5D4FD7D44138}.Debug|Any CPU.ActiveCfg = Debug|Any CPU
		{910075D5-1BB1-4A02-9EF3-5D4FD7D44138}.Debug|Any CPU.Build.0 = Debug|Any CPU
		{910075D5-1BB1-4A02-9EF3-5D4FD7D44138}.Release|Any CPU.ActiveCfg = Release|Any CPU
		{910075D5-1BB1-4A02-9EF3-5D4FD7D44138}.Release|Any CPU.Build.0 = Release|Any CPU
		{31042177-7682-4BC8-BE11-A0D74FFB9402}.Debug|Any CPU.ActiveCfg = Debug|Any CPU
		{31042177-7682-4BC8-BE11-A0D74FFB9402}.Debug|Any CPU.Build.0 = Debug|Any CPU
		{31042177-7682-4BC8-BE11-A0D74FFB9402}.Release|Any CPU.ActiveCfg = Release|Any CPU
		{31042177-7682-4BC8-BE11-A0D74FFB9402}.Release|Any CPU.Build.0 = Release|Any CPU
		{221EE0B1-8502-494E-A763-5E8AB679D70F}.Debug|Any CPU.ActiveCfg = Debug|Any CPU
		{221EE0B1-8502-494E-A763-5E8AB679D70F}.Debug|Any CPU.Build.0 = Debug|Any CPU
		{221EE0B1-8502-494E-A763-5E8AB679D70F}.Release|Any CPU.ActiveCfg = Release|Any CPU
		{221EE0B1-8502-494E-A763-5E8AB679D70F}.Release|Any CPU.Build.0 = Release|Any CPU
		{A5AF1549-E886-439F-B95B-2B4679A9B7B4}.Debug|Any CPU.ActiveCfg = Debug|Any CPU
		{A5AF1549-E886-439F-B95B-2B4679A9B7B4}.Debug|Any CPU.Build.0 = Debug|Any CPU
		{A5AF1549-E886-439F-B95B-2B4679A9B7B4}.Release|Any CPU.ActiveCfg = Release|Any CPU
		{A5AF1549-E886-439F-B95B-2B4679A9B7B4}.Release|Any CPU.Build.0 = Release|Any CPU
		{EBC5FCBC-E388-4CD2-9B88-7D5F04E1DFF4}.Debug|Any CPU.ActiveCfg = Debug|Any CPU
		{EBC5FCBC-E388-4CD2-9B88-7D5F04E1DFF4}.Debug|Any CPU.Build.0 = Debug|Any CPU
		{EBC5FCBC-E388-4CD2-9B88-7D5F04E1DFF4}.Release|Any CPU.ActiveCfg = Release|Any CPU
		{EBC5FCBC-E388-4CD2-9B88-7D5F04E1DFF4}.Release|Any CPU.Build.0 = Release|Any CPU
		{EA837A8A-936C-4CBB-ABE0-C8261562E166}.Debug|Any CPU.ActiveCfg = Debug|Any CPU
		{EA837A8A-936C-4CBB-ABE0-C8261562E166}.Debug|Any CPU.Build.0 = Debug|Any CPU
		{EA837A8A-936C-4CBB-ABE0-C8261562E166}.Release|Any CPU.ActiveCfg = Release|Any CPU
		{EA837A8A-936C-4CBB-ABE0-C8261562E166}.Release|Any CPU.Build.0 = Release|Any CPU
	EndGlobalSection
	GlobalSection(SolutionProperties) = preSolution
		HideSolutionNode = FALSE
	EndGlobalSection
	GlobalSection(NestedProjects) = preSolution
		{B01DA4F5-011A-4040-90EB-C6EBCA404908} = {A37588FD-62C1-4B23-B0A1-E1547538B73A}
		{7695A8C9-0456-44E6-B52E-9D29DD9AD8EA} = {F90C74CF-AF56-46AF-8E57-A9002623B466}
		{02DACE66-0988-487E-ADBB-B34111B08BBB} = {F90C74CF-AF56-46AF-8E57-A9002623B466}
		{A4E49C6E-9978-4731-9D18-6C28EE3CC9A3} = {F90C74CF-AF56-46AF-8E57-A9002623B466}
		{80C14515-2A77-493E-864C-42E2CCD0F68C} = {F90C74CF-AF56-46AF-8E57-A9002623B466}
		{3DCBEE6A-4331-433D-A9C1-E3E14AE9FB0C} = {F90C74CF-AF56-46AF-8E57-A9002623B466}
		{E16F9314-C0D9-4D4B-A2A3-942D92B60028} = {F90C74CF-AF56-46AF-8E57-A9002623B466}
		{30999F02-AC56-4909-A18C-2522FF843682} = {F90C74CF-AF56-46AF-8E57-A9002623B466}
		{45A38987-2D87-42A1-A8CF-9B9304421322} = {CF11CDB4-9E0C-42AF-91E9-BE91B26441FC}
		{3BED0974-F1E3-4739-B7E3-3ADA7E482145} = {772D28E9-D7E0-4C2D-99CF-B0B5FA8BB490}
		{910075D5-1BB1-4A02-9EF3-5D4FD7D44138} = {D567E8DC-F275-48C9-A543-A57C06EABA9F}
		{31042177-7682-4BC8-BE11-A0D74FFB9402} = {D567E8DC-F275-48C9-A543-A57C06EABA9F}
		{221EE0B1-8502-494E-A763-5E8AB679D70F} = {A37588FD-62C1-4B23-B0A1-E1547538B73A}
		{A5AF1549-E886-439F-B95B-2B4679A9B7B4} = {F90C74CF-AF56-46AF-8E57-A9002623B466}
		{EBC5FCBC-E388-4CD2-9B88-7D5F04E1DFF4} = {A37588FD-62C1-4B23-B0A1-E1547538B73A}
		{EA837A8A-936C-4CBB-ABE0-C8261562E166} = {A37588FD-62C1-4B23-B0A1-E1547538B73A}
	EndGlobalSection
	GlobalSection(ExtensibilityGlobals) = postSolution
		SolutionGuid = {615C8F72-2A0D-4957-B458-39325E8C6DB7}
	EndGlobalSection
EndGlobal
