
Microsoft Visual Studio Solution File, Format Version 12.00
# Visual Studio Version 16
VisualStudioVersion = 16.0.30320.27
MinimumVisualStudioVersion = 10.0.40219.1
Project("{2150E333-8FDC-42A3-9474-1A3956D46DE8}") = "Infrastructure", "Infrastructure", "{F90C74CF-AF56-46AF-8E57-A9002623B466}"
EndProject
Project("{2150E333-8FDC-42A3-9474-1A3956D46DE8}") = "Domain", "Domain", "{D567E8DC-F275-48C9-A543-A57C06EABA9F}"
EndProject
Project("{2150E333-8FDC-42A3-9474-1A3956D46DE8}") = "Presentation", "Presentation", "{A37588FD-62C1-4B23-B0A1-E1547538B73A}"
EndProject
Project("{2150E333-8FDC-42A3-9474-1A3956D46DE8}") = "Application", "Application", "{772D28E9-D7E0-4C2D-99CF-B0B5FA8BB490}"
EndProject
Project("{2150E333-8FDC-42A3-9474-1A3956D46DE8}") = "UnitTest", "UnitTest", "{CF11CDB4-9E0C-42AF-91E9-BE91B26441FC}"
EndProject
Project("{9A19103F-16F7-4668-BE54-9A1E7A4F7556}") = "C.O.S.E.C.App.PWA", "Presentation\C.O.S.E.C.App.PWA\C.O.S.E.C.App.PWA.csproj", "{40E791F8-C564-4F39-AB4C-EBB362439ED0}"
EndProject
Project("{9A19103F-16F7-4668-BE54-9A1E7A4F7556}") = "C.O.S.E.C.Api", "Presentation\C.O.S.E.C.Api\C.O.S.E.C.Api.csproj", "{B01DA4F5-011A-4040-90EB-C6EBCA404908}"
EndProject
Project("{9A19103F-16F7-4668-BE54-9A1E7A4F7556}") = "C.O.S.E.C.Infrastructure", "Infrastructure\C.O.S.E.C.Infrastructure\C.O.S.E.C.Infrastructure.csproj", "{7695A8C9-0456-44E6-B52E-9D29DD9AD8EA}"
EndProject
Project("{9A19103F-16F7-4668-BE54-9A1E7A4F7556}") = "C.O.S.E.C.Infrastructure.Auth", "Infrastructure\C.O.S.E.C.Infrastructure.Auth\C.O.S.E.C.Infrastructure.Auth.csproj", "{02DACE66-0988-487E-ADBB-B34111B08BBB}"
EndProject
Project("{9A19103F-16F7-4668-BE54-9A1E7A4F7556}") = "C.O.S.E.C.Infrastructure.Config", "Infrastructure\C.O.S.E.C.Infrastructure.Config\C.O.S.E.C.Infrastructure.Config.csproj", "{A4E49C6E-9978-4731-9D18-6C28EE3CC9A3}"
EndProject
Project("{9A19103F-16F7-4668-BE54-9A1E7A4F7556}") = "C.O.S.E.C.Infrastructure.Cors", "Infrastructure\C.O.S.E.C.Infrastructure.Cors\C.O.S.E.C.Infrastructure.Cors.csproj", "{80C14515-2A77-493E-864C-42E2CCD0F68C}"
EndProject
Project("{9A19103F-16F7-4668-BE54-9A1E7A4F7556}") = "C.O.S.E.C.Infrastructure.CustomException", "Infrastructure\C.O.S.E.C.Infrastructure.CustomException\C.O.S.E.C.Infrastructure.CustomException.csproj", "{3DCBEE6A-4331-433D-A9C1-E3E14AE9FB0C}"
EndProject
Project("{9A19103F-16F7-4668-BE54-9A1E7A4F7556}") = "C.O.S.E.C.Infrastructure.Swagger", "Infrastructure\C.O.S.E.C.Infrastructure.Swagger\C.O.S.E.C.Infrastructure.Swagger.csproj", "{E16F9314-C0D9-4D4B-A2A3-942D92B60028}"
EndProject
Project("{9A19103F-16F7-4668-BE54-9A1E7A4F7556}") = "C.O.S.E.C.Infrastructure.Treasury", "Infrastructure\C.O.S.E.C.Infrastructure.Treasury\C.O.S.E.C.Infrastructure.Treasury.csproj", "{30999F02-AC56-4909-A18C-2522FF843682}"
EndProject
Project("{9A19103F-16F7-4668-BE54-9A1E7A4F7556}") = "C.O.S.E.C.ApiTests", "UnitTest\C.O.S.E.C.ApiTests\C.O.S.E.C.ApiTests.csproj", "{45A38987-2D87-42A1-A8CF-9B9304421322}"
EndProject
Project("{FAE04EC0-301F-11D3-BF4B-00C04F79EFBC}") = "C.O.S.E.C.Application", "Application\C.O.S.E.C.Application\C.O.S.E.C.Application.csproj", "{3BED0974-F1E3-4739-B7E3-3ADA7E482145}"
EndProject
Project("{FAE04EC0-301F-11D3-BF4B-00C04F79EFBC}") = "C.O.S.E.C.Domain", "Domain\C.O.S.E.C.Domain\C.O.S.E.C.Domain.csproj", "{910075D5-1BB1-4A02-9EF3-5D4FD7D44138}"
EndProject
Project("{9A19103F-16F7-4668-BE54-9A1E7A4F7556}") = "C.O.S.E.C.Domain.InterfaceDrivers", "Domain\C.O.S.E.C.Domain.InterfaceDrivers\C.O.S.E.C.Domain.InterfaceDrivers.csproj", "{D45C40E5-369C-44DC-BBD4-0110640C5A9B}"
EndProject
Project("{FAE04EC0-301F-11D3-BF4B-00C04F79EFBC}") = "C.O.S.E.C.Domain.Repository", "Domain\C.O.S.E.C.Domain.Repository\C.O.S.E.C.Domain.Repository.csproj", "{8952AFB9-1D7A-4C5F-AAE6-DE5EBB6555BF}"
EndProject
Project("{FAE04EC0-301F-11D3-BF4B-00C04F79EFBC}") = "C.O.S.E.C.Domain.Factory", "Domain\C.O.S.E.C.Domain.Factory\C.O.S.E.C.Domain.Factory.csproj", "{101B7394-4949-4546-832D-88D010CD7AB3}"
EndProject
Project("{FAE04EC0-301F-11D3-BF4B-00C04F79EFBC}") = "C.O.S.E.C.Domain.DomainService", "Domain\C.O.S.E.C.Domain.DomainService\C.O.S.E.C.Domain.DomainService.csproj", "{31042177-7682-4BC8-BE11-A0D74FFB9402}"
EndProject
Project("{9A19103F-16F7-4668-BE54-9A1E7A4F7556}") = "C.O.S.E.C.Domain.Entity", "Domain\C.O.S.E.C.Domain.Entity\C.O.S.E.C.Domain.Entity.csproj", "{243EF0E7-2908-4F54-8631-35E7B935AB9B}"
EndProject
Global
	GlobalSection(SolutionConfigurationPlatforms) = preSolution
		Debug|Any CPU = Debug|Any CPU
		Release|Any CPU = Release|Any CPU
	EndGlobalSection
	GlobalSection(ProjectConfigurationPlatforms) = postSolution
		{40E791F8-C564-4F39-AB4C-EBB362439ED0}.Debug|Any CPU.ActiveCfg = Debug|Any CPU
		{40E791F8-C564-4F39-AB4C-EBB362439ED0}.Debug|Any CPU.Build.0 = Debug|Any CPU
		{40E791F8-C564-4F39-AB4C-EBB362439ED0}.Release|Any CPU.ActiveCfg = Release|Any CPU
		{40E791F8-C564-4F39-AB4C-EBB362439ED0}.Release|Any CPU.Build.0 = Release|Any CPU
		{B01DA4F5-011A-4040-90EB-C6EBCA404908}.Debug|Any CPU.ActiveCfg = Debug|Any CPU
		{B01DA4F5-011A-4040-90EB-C6EBCA404908}.Debug|Any CPU.Build.0 = Debug|Any CPU
		{B01DA4F5-011A-4040-90EB-C6EBCA404908}.Release|Any CPU.ActiveCfg = Release|Any CPU
		{B01DA4F5-011A-4040-90EB-C6EBCA404908}.Release|Any CPU.Build.0 = Release|Any CPU
		{7695A8C9-0456-44E6-B52E-9D29DD9AD8EA}.Debug|Any CPU.ActiveCfg = Debug|Any CPU
		{7695A8C9-0456-44E6-B52E-9D29DD9AD8EA}.Debug|Any CPU.Build.0 = Debug|Any CPU
		{7695A8C9-0456-44E6-B52E-9D29DD9AD8EA}.Release|Any CPU.ActiveCfg = Release|Any CPU
		{7695A8C9-0456-44E6-B52E-9D29DD9AD8EA}.Release|Any CPU.Build.0 = Release|Any CPU
		{02DACE66-0988-487E-ADBB-B34111B08BBB}.Debug|Any CPU.ActiveCfg = Debug|Any CPU
		{02DACE66-0988-487E-ADBB-B34111B08BBB}.Debug|Any CPU.Build.0 = Debug|Any CPU
		{02DACE66-0988-487E-ADBB-B34111B08BBB}.Release|Any CPU.ActiveCfg = Release|Any CPU
		{02DACE66-0988-487E-ADBB-B34111B08BBB}.Release|Any CPU.Build.0 = Release|Any CPU
		{A4E49C6E-9978-4731-9D18-6C28EE3CC9A3}.Debug|Any CPU.ActiveCfg = Debug|Any CPU
		{A4E49C6E-9978-4731-9D18-6C28EE3CC9A3}.Debug|Any CPU.Build.0 = Debug|Any CPU
		{A4E49C6E-9978-4731-9D18-6C28EE3CC9A3}.Release|Any CPU.ActiveCfg = Release|Any CPU
		{A4E49C6E-9978-4731-9D18-6C28EE3CC9A3}.Release|Any CPU.Build.0 = Release|Any CPU
		{80C14515-2A77-493E-864C-42E2CCD0F68C}.Debug|Any CPU.ActiveCfg = Debug|Any CPU
		{80C14515-2A77-493E-864C-42E2CCD0F68C}.Debug|Any CPU.Build.0 = Debug|Any CPU
		{80C14515-2A77-493E-864C-42E2CCD0F68C}.Release|Any CPU.ActiveCfg = Release|Any CPU
		{80C14515-2A77-493E-864C-42E2CCD0F68C}.Release|Any CPU.Build.0 = Release|Any CPU
		{3DCBEE6A-4331-433D-A9C1-E3E14AE9FB0C}.Debug|Any CPU.ActiveCfg = Debug|Any CPU
		{3DCBEE6A-4331-433D-A9C1-E3E14AE9FB0C}.Debug|Any CPU.Build.0 = Debug|Any CPU
		{3DCBEE6A-4331-433D-A9C1-E3E14AE9FB0C}.Release|Any CPU.ActiveCfg = Release|Any CPU
		{3DCBEE6A-4331-433D-A9C1-E3E14AE9FB0C}.Release|Any CPU.Build.0 = Release|Any CPU
		{E16F9314-C0D9-4D4B-A2A3-942D92B60028}.Debug|Any CPU.ActiveCfg = Debug|Any CPU
		{E16F9314-C0D9-4D4B-A2A3-942D92B60028}.Debug|Any CPU.Build.0 = Debug|Any CPU
		{E16F9314-C0D9-4D4B-A2A3-942D92B60028}.Release|Any CPU.ActiveCfg = Release|Any CPU
		{E16F9314-C0D9-4D4B-A2A3-942D92B60028}.Release|Any CPU.Build.0 = Release|Any CPU
		{30999F02-AC56-4909-A18C-2522FF843682}.Debug|Any CPU.ActiveCfg = Debug|Any CPU
		{30999F02-AC56-4909-A18C-2522FF843682}.Debug|Any CPU.Build.0 = Debug|Any CPU
		{30999F02-AC56-4909-A18C-2522FF843682}.Release|Any CPU.ActiveCfg = Release|Any CPU
		{30999F02-AC56-4909-A18C-2522FF843682}.Release|Any CPU.Build.0 = Release|Any CPU
		{45A38987-2D87-42A1-A8CF-9B9304421322}.Debug|Any CPU.ActiveCfg = Debug|Any CPU
		{45A38987-2D87-42A1-A8CF-9B9304421322}.Debug|Any CPU.Build.0 = Debug|Any CPU
		{45A38987-2D87-42A1-A8CF-9B9304421322}.Release|Any CPU.ActiveCfg = Release|Any CPU
		{45A38987-2D87-42A1-A8CF-9B9304421322}.Release|Any CPU.Build.0 = Release|Any CPU
		{3BED0974-F1E3-4739-B7E3-3ADA7E482145}.Debug|Any CPU.ActiveCfg = Debug|Any CPU
		{3BED0974-F1E3-4739-B7E3-3ADA7E482145}.Debug|Any CPU.Build.0 = Debug|Any CPU
		{3BED0974-F1E3-4739-B7E3-3ADA7E482145}.Release|Any CPU.ActiveCfg = Release|Any CPU
		{3BED0974-F1E3-4739-B7E3-3ADA7E482145}.Release|Any CPU.Build.0 = Release|Any CPU
		{910075D5-1BB1-4A02-9EF3-5D4FD7D44138}.Debug|Any CPU.ActiveCfg = Debug|Any CPU
		{910075D5-1BB1-4A02-9EF3-5D4FD7D44138}.Debug|Any CPU.Build.0 = Debug|Any CPU
		{910075D5-1BB1-4A02-9EF3-5D4FD7D44138}.Release|Any CPU.ActiveCfg = Release|Any CPU
		{910075D5-1BB1-4A02-9EF3-5D4FD7D44138}.Release|Any CPU.Build.0 = Release|Any CPU
		{D45C40E5-369C-44DC-BBD4-0110640C5A9B}.Debug|Any CPU.ActiveCfg = Debug|Any CPU
		{D45C40E5-369C-44DC-BBD4-0110640C5A9B}.Debug|Any CPU.Build.0 = Debug|Any CPU
		{D45C40E5-369C-44DC-BBD4-0110640C5A9B}.Release|Any CPU.ActiveCfg = Release|Any CPU
		{D45C40E5-369C-44DC-BBD4-0110640C5A9B}.Release|Any CPU.Build.0 = Release|Any CPU
		{8952AFB9-1D7A-4C5F-AAE6-DE5EBB6555BF}.Debug|Any CPU.ActiveCfg = Debug|Any CPU
		{8952AFB9-1D7A-4C5F-AAE6-DE5EBB6555BF}.Debug|Any CPU.Build.0 = Debug|Any CPU
		{8952AFB9-1D7A-4C5F-AAE6-DE5EBB6555BF}.Release|Any CPU.ActiveCfg = Release|Any CPU
		{8952AFB9-1D7A-4C5F-AAE6-DE5EBB6555BF}.Release|Any CPU.Build.0 = Release|Any CPU
		{101B7394-4949-4546-832D-88D010CD7AB3}.Debug|Any CPU.ActiveCfg = Debug|Any CPU
		{101B7394-4949-4546-832D-88D010CD7AB3}.Debug|Any CPU.Build.0 = Debug|Any CPU
		{101B7394-4949-4546-832D-88D010CD7AB3}.Release|Any CPU.ActiveCfg = Release|Any CPU
		{101B7394-4949-4546-832D-88D010CD7AB3}.Release|Any CPU.Build.0 = Release|Any CPU
		{31042177-7682-4BC8-BE11-A0D74FFB9402}.Debug|Any CPU.ActiveCfg = Debug|Any CPU
		{31042177-7682-4BC8-BE11-A0D74FFB9402}.Debug|Any CPU.Build.0 = Debug|Any CPU
		{31042177-7682-4BC8-BE11-A0D74FFB9402}.Release|Any CPU.ActiveCfg = Release|Any CPU
		{31042177-7682-4BC8-BE11-A0D74FFB9402}.Release|Any CPU.Build.0 = Release|Any CPU
		{243EF0E7-2908-4F54-8631-35E7B935AB9B}.Debug|Any CPU.ActiveCfg = Debug|Any CPU
		{243EF0E7-2908-4F54-8631-35E7B935AB9B}.Debug|Any CPU.Build.0 = Debug|Any CPU
		{243EF0E7-2908-4F54-8631-35E7B935AB9B}.Release|Any CPU.ActiveCfg = Release|Any CPU
		{243EF0E7-2908-4F54-8631-35E7B935AB9B}.Release|Any CPU.Build.0 = Release|Any CPU
	EndGlobalSection
	GlobalSection(SolutionProperties) = preSolution
		HideSolutionNode = FALSE
	EndGlobalSection
	GlobalSection(NestedProjects) = preSolution
		{40E791F8-C564-4F39-AB4C-EBB362439ED0} = {A37588FD-62C1-4B23-B0A1-E1547538B73A}
		{B01DA4F5-011A-4040-90EB-C6EBCA404908} = {A37588FD-62C1-4B23-B0A1-E1547538B73A}
		{7695A8C9-0456-44E6-B52E-9D29DD9AD8EA} = {F90C74CF-AF56-46AF-8E57-A9002623B466}
		{02DACE66-0988-487E-ADBB-B34111B08BBB} = {F90C74CF-AF56-46AF-8E57-A9002623B466}
		{A4E49C6E-9978-4731-9D18-6C28EE3CC9A3} = {F90C74CF-AF56-46AF-8E57-A9002623B466}
		{80C14515-2A77-493E-864C-42E2CCD0F68C} = {F90C74CF-AF56-46AF-8E57-A9002623B466}
		{3DCBEE6A-4331-433D-A9C1-E3E14AE9FB0C} = {F90C74CF-AF56-46AF-8E57-A9002623B466}
		{E16F9314-C0D9-4D4B-A2A3-942D92B60028} = {F90C74CF-AF56-46AF-8E57-A9002623B466}
		{30999F02-AC56-4909-A18C-2522FF843682} = {F90C74CF-AF56-46AF-8E57-A9002623B466}
		{45A38987-2D87-42A1-A8CF-9B9304421322} = {CF11CDB4-9E0C-42AF-91E9-BE91B26441FC}
		{3BED0974-F1E3-4739-B7E3-3ADA7E482145} = {772D28E9-D7E0-4C2D-99CF-B0B5FA8BB490}
		{910075D5-1BB1-4A02-9EF3-5D4FD7D44138} = {D567E8DC-F275-48C9-A543-A57C06EABA9F}
		{D45C40E5-369C-44DC-BBD4-0110640C5A9B} = {D567E8DC-F275-48C9-A543-A57C06EABA9F}
		{8952AFB9-1D7A-4C5F-AAE6-DE5EBB6555BF} = {D567E8DC-F275-48C9-A543-A57C06EABA9F}
		{101B7394-4949-4546-832D-88D010CD7AB3} = {D567E8DC-F275-48C9-A543-A57C06EABA9F}
		{31042177-7682-4BC8-BE11-A0D74FFB9402} = {D567E8DC-F275-48C9-A543-A57C06EABA9F}
		{243EF0E7-2908-4F54-8631-35E7B935AB9B} = {D567E8DC-F275-48C9-A543-A57C06EABA9F}
	EndGlobalSection
	GlobalSection(ExtensibilityGlobals) = postSolution
		SolutionGuid = {615C8F72-2A0D-4957-B458-39325E8C6DB7}
	EndGlobalSection
EndGlobal
